// !$*UTF8*$!
{
	archiveVersion = 1;
	classes = {
	};
	objectVersion = 50;
	objects = {

/* Begin PBXBuildFile section */
		7029B8EB21941F170082717D /* Promise+WaitHud.swift in Sources */ = {isa = PBXBuildFile; fileRef = 7029B8EA21941F170082717D /* Promise+WaitHud.swift */; };
		7029B8ED21941FF50082717D /* Promise+ProgressHud.swift in Sources */ = {isa = PBXBuildFile; fileRef = 7029B8EC21941FF50082717D /* Promise+ProgressHud.swift */; };
		7029B8EF219420BC0082717D /* Promise+SuccessHud.swift in Sources */ = {isa = PBXBuildFile; fileRef = 7029B8EE219420BC0082717D /* Promise+SuccessHud.swift */; };
		7029B8F1219427140082717D /* Promise+FailureHud.swift in Sources */ = {isa = PBXBuildFile; fileRef = 7029B8F0219427140082717D /* Promise+FailureHud.swift */; };
		70A73F80214495DE009F96DD /* JAHudHydra.h in Headers */ = {isa = PBXBuildFile; fileRef = 70A73F7E214495DE009F96DD /* JAHudHydra.h */; settings = {ATTRIBUTES = (Public, ); }; };
		70A73F8A21449757009F96DD /* Hydra.framework in Frameworks */ = {isa = PBXBuildFile; fileRef = 70A73F8721449757009F96DD /* Hydra.framework */; };
		70A73F8B21449757009F96DD /* PureLayout.framework in Frameworks */ = {isa = PBXBuildFile; fileRef = 70A73F8821449757009F96DD /* PureLayout.framework */; };
		70A73F8C21449757009F96DD /* JAHud.framework in Frameworks */ = {isa = PBXBuildFile; fileRef = 70A73F8921449757009F96DD /* JAHud.framework */; };
		70A73F8E21449771009F96DD /* Promise+Hud.swift in Sources */ = {isa = PBXBuildFile; fileRef = 70A73F8D21449771009F96DD /* Promise+Hud.swift */; };
/* End PBXBuildFile section */

/* Begin PBXFileReference section */
		7029B8EA21941F170082717D /* Promise+WaitHud.swift */ = {isa = PBXFileReference; lastKnownFileType = sourcecode.swift; path = "Promise+WaitHud.swift"; sourceTree = "<group>"; };
		7029B8EC21941FF50082717D /* Promise+ProgressHud.swift */ = {isa = PBXFileReference; lastKnownFileType = sourcecode.swift; path = "Promise+ProgressHud.swift"; sourceTree = "<group>"; };
		7029B8EE219420BC0082717D /* Promise+SuccessHud.swift */ = {isa = PBXFileReference; lastKnownFileType = sourcecode.swift; path = "Promise+SuccessHud.swift"; sourceTree = "<group>"; };
		7029B8F0219427140082717D /* Promise+FailureHud.swift */ = {isa = PBXFileReference; lastKnownFileType = sourcecode.swift; path = "Promise+FailureHud.swift"; sourceTree = "<group>"; };
		70A73F7B214495DE009F96DD /* JAHudHydra.framework */ = {isa = PBXFileReference; explicitFileType = wrapper.framework; includeInIndex = 0; path = JAHudHydra.framework; sourceTree = BUILT_PRODUCTS_DIR; };
		70A73F7E214495DE009F96DD /* JAHudHydra.h */ = {isa = PBXFileReference; lastKnownFileType = sourcecode.c.h; path = JAHudHydra.h; sourceTree = "<group>"; };
		70A73F7F214495DE009F96DD /* Info.plist */ = {isa = PBXFileReference; lastKnownFileType = text.plist.xml; path = Info.plist; sourceTree = "<group>"; };
		70A73F8721449757009F96DD /* Hydra.framework */ = {isa = PBXFileReference; lastKnownFileType = wrapper.framework; name = Hydra.framework; path = Carthage/Build/iOS/Hydra.framework; sourceTree = "<group>"; };
		70A73F8821449757009F96DD /* PureLayout.framework */ = {isa = PBXFileReference; lastKnownFileType = wrapper.framework; name = PureLayout.framework; path = Carthage/Build/iOS/PureLayout.framework; sourceTree = "<group>"; };
		70A73F8921449757009F96DD /* JAHud.framework */ = {isa = PBXFileReference; lastKnownFileType = wrapper.framework; name = JAHud.framework; path = Carthage/Build/iOS/JAHud.framework; sourceTree = "<group>"; };
		70A73F8D21449771009F96DD /* Promise+Hud.swift */ = {isa = PBXFileReference; lastKnownFileType = sourcecode.swift; path = "Promise+Hud.swift"; sourceTree = "<group>"; };
/* End PBXFileReference section */

/* Begin PBXFrameworksBuildPhase section */
		70A73F78214495DE009F96DD /* Frameworks */ = {
			isa = PBXFrameworksBuildPhase;
			buildActionMask = 2147483647;
			files = (
				70A73F8A21449757009F96DD /* Hydra.framework in Frameworks */,
				70A73F8B21449757009F96DD /* PureLayout.framework in Frameworks */,
				70A73F8C21449757009F96DD /* JAHud.framework in Frameworks */,
			);
			runOnlyForDeploymentPostprocessing = 0;
		};
/* End PBXFrameworksBuildPhase section */

/* Begin PBXGroup section */
		70A73F71214495DE009F96DD = {
			isa = PBXGroup;
			children = (
				70A73F7D214495DE009F96DD /* JAHudHydra */,
				70A73F7C214495DE009F96DD /* Products */,
				70A73F8621449757009F96DD /* Frameworks */,
			);
			sourceTree = "<group>";
		};
		70A73F7C214495DE009F96DD /* Products */ = {
			isa = PBXGroup;
			children = (
				70A73F7B214495DE009F96DD /* JAHudHydra.framework */,
			);
			name = Products;
			sourceTree = "<group>";
		};
		70A73F7D214495DE009F96DD /* JAHudHydra */ = {
			isa = PBXGroup;
			children = (
				70A73F7E214495DE009F96DD /* JAHudHydra.h */,
				70A73F7F214495DE009F96DD /* Info.plist */,
				70A73F8D21449771009F96DD /* Promise+Hud.swift */,
				7029B8EA21941F170082717D /* Promise+WaitHud.swift */,
				7029B8EC21941FF50082717D /* Promise+ProgressHud.swift */,
				7029B8EE219420BC0082717D /* Promise+SuccessHud.swift */,
				7029B8F0219427140082717D /* Promise+FailureHud.swift */,
			);
			path = JAHudHydra;
			sourceTree = "<group>";
		};
		70A73F8621449757009F96DD /* Frameworks */ = {
			isa = PBXGroup;
			children = (
				70A73F8721449757009F96DD /* Hydra.framework */,
				70A73F8921449757009F96DD /* JAHud.framework */,
				70A73F8821449757009F96DD /* PureLayout.framework */,
			);
			name = Frameworks;
			sourceTree = "<group>";
		};
/* End PBXGroup section */

/* Begin PBXHeadersBuildPhase section */
		70A73F76214495DE009F96DD /* Headers */ = {
			isa = PBXHeadersBuildPhase;
			buildActionMask = 2147483647;
			files = (
				70A73F80214495DE009F96DD /* JAHudHydra.h in Headers */,
			);
			runOnlyForDeploymentPostprocessing = 0;
		};
/* End PBXHeadersBuildPhase section */

/* Begin PBXNativeTarget section */
		70A73F7A214495DE009F96DD /* JAHudHydra */ = {
			isa = PBXNativeTarget;
			buildConfigurationList = 70A73F83214495DE009F96DD /* Build configuration list for PBXNativeTarget "JAHudHydra" */;
			buildPhases = (
				70A73F76214495DE009F96DD /* Headers */,
				70A73F77214495DE009F96DD /* Sources */,
				70A73F78214495DE009F96DD /* Frameworks */,
				70A73F79214495DE009F96DD /* Resources */,
			);
			buildRules = (
			);
			dependencies = (
			);
			name = JAHudHydra;
			productName = JAHudHydra;
			productReference = 70A73F7B214495DE009F96DD /* JAHudHydra.framework */;
			productType = "com.apple.product-type.framework";
		};
/* End PBXNativeTarget section */

/* Begin PBXProject section */
		70A73F72214495DE009F96DD /* Project object */ = {
			isa = PBXProject;
			attributes = {
				LastUpgradeCheck = 1000;
				ORGANIZATIONNAME = "Shane Whitehead";
				TargetAttributes = {
					70A73F7A214495DE009F96DD = {
						CreatedOnToolsVersion = 10.0;
						LastSwiftMigration = 1000;
					};
				};
			};
			buildConfigurationList = 70A73F75214495DE009F96DD /* Build configuration list for PBXProject "JAHudHydra" */;
			compatibilityVersion = "Xcode 9.3";
			developmentRegion = en;
			hasScannedForEncodings = 0;
			knownRegions = (
				en,
			);
			mainGroup = 70A73F71214495DE009F96DD;
			productRefGroup = 70A73F7C214495DE009F96DD /* Products */;
			projectDirPath = "";
			projectRoot = "";
			targets = (
				70A73F7A214495DE009F96DD /* JAHudHydra */,
			);
		};
/* End PBXProject section */

/* Begin PBXResourcesBuildPhase section */
		70A73F79214495DE009F96DD /* Resources */ = {
			isa = PBXResourcesBuildPhase;
			buildActionMask = 2147483647;
			files = (
			);
			runOnlyForDeploymentPostprocessing = 0;
		};
/* End PBXResourcesBuildPhase section */

/* Begin PBXSourcesBuildPhase section */
		70A73F77214495DE009F96DD /* Sources */ = {
			isa = PBXSourcesBuildPhase;
			buildActionMask = 2147483647;
			files = (
				7029B8ED21941FF50082717D /* Promise+ProgressHud.swift in Sources */,
				70A73F8E21449771009F96DD /* Promise+Hud.swift in Sources */,
				7029B8EB21941F170082717D /* Promise+WaitHud.swift in Sources */,
				7029B8F1219427140082717D /* Promise+FailureHud.swift in Sources */,
				7029B8EF219420BC0082717D /* Promise+SuccessHud.swift in Sources */,
			);
			runOnlyForDeploymentPostprocessing = 0;
		};
/* End PBXSourcesBuildPhase section */

/* Begin XCBuildConfiguration section */
		70A73F81214495DE009F96DD /* Debug */ = {
			isa = XCBuildConfiguration;
			buildSettings = {
				ALWAYS_SEARCH_USER_PATHS = NO;
				CLANG_ANALYZER_NONNULL = YES;
				CLANG_ANALYZER_NUMBER_OBJECT_CONVERSION = YES_AGGRESSIVE;
				CLANG_CXX_LANGUAGE_STANDARD = "gnu++14";
				CLANG_CXX_LIBRARY = "libc++";
				CLANG_ENABLE_MODULES = YES;
				CLANG_ENABLE_OBJC_ARC = YES;
				CLANG_ENABLE_OBJC_WEAK = YES;
				CLANG_WARN_BLOCK_CAPTURE_AUTORELEASING = YES;
				CLANG_WARN_BOOL_CONVERSION = YES;
				CLANG_WARN_COMMA = YES;
				CLANG_WARN_CONSTANT_CONVERSION = YES;
				CLANG_WARN_DEPRECATED_OBJC_IMPLEMENTATIONS = YES;
				CLANG_WARN_DIRECT_OBJC_ISA_USAGE = YES_ERROR;
				CLANG_WARN_DOCUMENTATION_COMMENTS = YES;
				CLANG_WARN_EMPTY_BODY = YES;
				CLANG_WARN_ENUM_CONVERSION = YES;
				CLANG_WARN_INFINITE_RECURSION = YES;
				CLANG_WARN_INT_CONVERSION = YES;
				CLANG_WARN_NON_LITERAL_NULL_CONVERSION = YES;
				CLANG_WARN_OBJC_IMPLICIT_RETAIN_SELF = YES;
				CLANG_WARN_OBJC_LITERAL_CONVERSION = YES;
				CLANG_WARN_OBJC_ROOT_CLASS = YES_ERROR;
				CLANG_WARN_RANGE_LOOP_ANALYSIS = YES;
				CLANG_WARN_STRICT_PROTOTYPES = YES;
				CLANG_WARN_SUSPICIOUS_MOVE = YES;
				CLANG_WARN_UNGUARDED_AVAILABILITY = YES_AGGRESSIVE;
				CLANG_WARN_UNREACHABLE_CODE = YES;
				CLANG_WARN__DUPLICATE_METHOD_MATCH = YES;
				CODE_SIGN_IDENTITY = "iPhone Developer";
				COPY_PHASE_STRIP = NO;
				CURRENT_PROJECT_VERSION = 1;
				DEBUG_INFORMATION_FORMAT = dwarf;
				ENABLE_STRICT_OBJC_MSGSEND = YES;
				ENABLE_TESTABILITY = YES;
				GCC_C_LANGUAGE_STANDARD = gnu11;
				GCC_DYNAMIC_NO_PIC = NO;
				GCC_NO_COMMON_BLOCKS = YES;
				GCC_OPTIMIZATION_LEVEL = 0;
				GCC_PREPROCESSOR_DEFINITIONS = (
					"DEBUG=1",
					"$(inherited)",
				);
				GCC_WARN_64_TO_32_BIT_CONVERSION = YES;
				GCC_WARN_ABOUT_RETURN_TYPE = YES_ERROR;
				GCC_WARN_UNDECLARED_SELECTOR = YES;
				GCC_WARN_UNINITIALIZED_AUTOS = YES_AGGRESSIVE;
				GCC_WARN_UNUSED_FUNCTION = YES;
				GCC_WARN_UNUSED_VARIABLE = YES;
				IPHONEOS_DEPLOYMENT_TARGET = 11.0;
				MTL_ENABLE_DEBUG_INFO = INCLUDE_SOURCE;
				MTL_FAST_MATH = YES;
				ONLY_ACTIVE_ARCH = YES;
				SDKROOT = iphoneos;
				SWIFT_ACTIVE_COMPILATION_CONDITIONS = DEBUG;
				SWIFT_OPTIMIZATION_LEVEL = "-Onone";
				VERSIONING_SYSTEM = "apple-generic";
				VERSION_INFO_PREFIX = "";
			};
			name = Debug;
		};
		70A73F82214495DE009F96DD /* Release */ = {
			isa = XCBuildConfiguration;
			buildSettings = {
				ALWAYS_SEARCH_USER_PATHS = NO;
				CLANG_ANALYZER_NONNULL = YES;
				CLANG_ANALYZER_NUMBER_OBJECT_CONVERSION = YES_AGGRESSIVE;
				CLANG_CXX_LANGUAGE_STANDARD = "gnu++14";
				CLANG_CXX_LIBRARY = "libc++";
				CLANG_ENABLE_MODULES = YES;
				CLANG_ENABLE_OBJC_ARC = YES;
				CLANG_ENABLE_OBJC_WEAK = YES;
				CLANG_WARN_BLOCK_CAPTURE_AUTORELEASING = YES;
				CLANG_WARN_BOOL_CONVERSION = YES;
				CLANG_WARN_COMMA = YES;
				CLANG_WARN_CONSTANT_CONVERSION = YES;
				CLANG_WARN_DEPRECATED_OBJC_IMPLEMENTATIONS = YES;
				CLANG_WARN_DIRECT_OBJC_ISA_USAGE = YES_ERROR;
				CLANG_WARN_DOCUMENTATION_COMMENTS = YES;
				CLANG_WARN_EMPTY_BODY = YES;
				CLANG_WARN_ENUM_CONVERSION = YES;
				CLANG_WARN_INFINITE_RECURSION = YES;
				CLANG_WARN_INT_CONVERSION = YES;
				CLANG_WARN_NON_LITERAL_NULL_CONVERSION = YES;
				CLANG_WARN_OBJC_IMPLICIT_RETAIN_SELF = YES;
				CLANG_WARN_OBJC_LITERAL_CONVERSION = YES;
				CLANG_WARN_OBJC_ROOT_CLASS = YES_ERROR;
				CLANG_WARN_RANGE_LOOP_ANALYSIS = YES;
				CLANG_WARN_STRICT_PROTOTYPES = YES;
				CLANG_WARN_SUSPICIOUS_MOVE = YES;
				CLANG_WARN_UNGUARDED_AVAILABILITY = YES_AGGRESSIVE;
				CLANG_WARN_UNREACHABLE_CODE = YES;
				CLANG_WARN__DUPLICATE_METHOD_MATCH = YES;
				CODE_SIGN_IDENTITY = "iPhone Developer";
				COPY_PHASE_STRIP = NO;
				CURRENT_PROJECT_VERSION = 1;
				DEBUG_INFORMATION_FORMAT = "dwarf-with-dsym";
				ENABLE_NS_ASSERTIONS = NO;
				ENABLE_STRICT_OBJC_MSGSEND = YES;
				GCC_C_LANGUAGE_STANDARD = gnu11;
				GCC_NO_COMMON_BLOCKS = YES;
				GCC_WARN_64_TO_32_BIT_CONVERSION = YES;
				GCC_WARN_ABOUT_RETURN_TYPE = YES_ERROR;
				GCC_WARN_UNDECLARED_SELECTOR = YES;
				GCC_WARN_UNINITIALIZED_AUTOS = YES_AGGRESSIVE;
				GCC_WARN_UNUSED_FUNCTION = YES;
				GCC_WARN_UNUSED_VARIABLE = YES;
				IPHONEOS_DEPLOYMENT_TARGET = 11.0;
				MTL_ENABLE_DEBUG_INFO = NO;
				MTL_FAST_MATH = YES;
				SDKROOT = iphoneos;
				SWIFT_COMPILATION_MODE = wholemodule;
				SWIFT_OPTIMIZATION_LEVEL = "-O";
				VALIDATE_PRODUCT = YES;
				VERSIONING_SYSTEM = "apple-generic";
				VERSION_INFO_PREFIX = "";
			};
			name = Release;
		};
		70A73F84214495DE009F96DD /* Debug */ = {
			isa = XCBuildConfiguration;
			buildSettings = {
				CLANG_ENABLE_MODULES = YES;
				CODE_SIGN_IDENTITY = "";
				CODE_SIGN_STYLE = Automatic;
				DEFINES_MODULE = YES;
				DEVELOPMENT_TEAM = 337Z8P6WA4;
				DYLIB_COMPATIBILITY_VERSION = 1;
				DYLIB_CURRENT_VERSION = 1;
				DYLIB_INSTALL_NAME_BASE = "@rpath";
				FRAMEWORK_SEARCH_PATHS = (
					"$(inherited)",
					"$(PROJECT_DIR)/Carthage/Build/iOS",
				);
				INFOPLIST_FILE = JAHudHydra/Info.plist;
				INSTALL_PATH = "$(LOCAL_LIBRARY_DIR)/Frameworks";
				LD_RUNPATH_SEARCH_PATHS = (
					"$(inherited)",
					"@executable_path/Frameworks",
					"@loader_path/Frameworks",
				);
				PRODUCT_BUNDLE_IDENTIFIER = org.kaizen.JAHudHydra;
				PRODUCT_NAME = "$(TARGET_NAME:c99extidentifier)";
				SKIP_INSTALL = YES;
				SWIFT_OPTIMIZATION_LEVEL = "-Onone";
				SWIFT_VERSION = 4.2;
				TARGETED_DEVICE_FAMILY = "1,2";
			};
			name = Debug;
		};
		70A73F85214495DE009F96DD /* Release */ = {
			isa = XCBuildConfiguration;
			buildSettings = {
				CLANG_ENABLE_MODULES = YES;
				CODE_SIGN_IDENTITY = "";
				CODE_SIGN_STYLE = Automatic;
				DEFINES_MODULE = YES;
				DEVELOPMENT_TEAM = 337Z8P6WA4;
				DYLIB_COMPATIBILITY_VERSION = 1;
				DYLIB_CURRENT_VERSION = 1;
				DYLIB_INSTALL_NAME_BASE = "@rpath";
				FRAMEWORK_SEARCH_PATHS = (
					"$(inherited)",
					"$(PROJECT_DIR)/Carthage/Build/iOS",
				);
				INFOPLIST_FILE = JAHudHydra/Info.plist;
				INSTALL_PATH = "$(LOCAL_LIBRARY_DIR)/Frameworks";
				LD_RUNPATH_SEARCH_PATHS = (
					"$(inherited)",
					"@executable_path/Frameworks",
					"@loader_path/Frameworks",
				);
				PRODUCT_BUNDLE_IDENTIFIER = org.kaizen.JAHudHydra;
				PRODUCT_NAME = "$(TARGET_NAME:c99extidentifier)";
				SKIP_INSTALL = YES;
				SWIFT_VERSION = 4.2;
				TARGETED_DEVICE_FAMILY = "1,2";
			};
			name = Release;
		};
/* End XCBuildConfiguration section */

/* Begin XCConfigurationList section */
		70A73F75214495DE009F96DD /* Build configuration list for PBXProject "JAHudHydra" */ = {
			isa = XCConfigurationList;
			buildConfigurations = (
				70A73F81214495DE009F96DD /* Debug */,
				70A73F82214495DE009F96DD /* Release */,
			);
			defaultConfigurationIsVisible = 0;
			defaultConfigurationName = Release;
		};
		70A73F83214495DE009F96DD /* Build configuration list for PBXNativeTarget "JAHudHydra" */ = {
			isa = XCConfigurationList;
			buildConfigurations = (
				70A73F84214495DE009F96DD /* Debug */,
				70A73F85214495DE009F96DD /* Release */,
			);
			defaultConfigurationIsVisible = 0;
			defaultConfigurationName = Release;
		};
/* End XCConfigurationList section */
	};
	rootObject = 70A73F72214495DE009F96DD /* Project object */;
}
